
Microsoft Visual Studio Solution File, Format Version 12.00
# Visual Studio Version 17
VisualStudioVersion = 17.14.36414.22
MinimumVisualStudioVersion = 10.0.40219.1
Project("{FAE04EC0-301F-11D3-BF4B-00C04F79EFBC}") = "CamCook", "CamCook.csproj", "{7657468C-1082-450B-8F23-2BDC1A5667CA}"
EndProject
Global
	GlobalSection(SolutionConfigurationPlatforms) = preSolution
		Debug|Any CPU = Debug|Any CPU
		Release|Any CPU = Release|Any CPU
	EndGlobalSection
	GlobalSection(ProjectConfigurationPlatforms) = postSolution
		{7657468C-1082-450B-8F23-2BDC1A5667CA}.Debug|Any CPU.ActiveCfg = Debug|Any CPU
		{7657468C-1082-450B-8F23-2BDC1A5667CA}.Debug|Any CPU.Build.0 = Debug|Any CPU
		{7657468C-1082-450B-8F23-2BDC1A5667CA}.Release|Any CPU.ActiveCfg = Release|Any CPU
		{7657468C-1082-450B-8F23-2BDC1A5667CA}.Release|Any CPU.Build.0 = Release|Any CPU
	EndGlobalSection
	GlobalSection(SolutionProperties) = preSolution
		HideSolutionNode = FALSE
	EndGlobalSection
	GlobalSection(ExtensibilityGlobals) = postSolution
		SolutionGuid = {60BD707F-8780-47D7-930A-48B7F1B4B05B}
	EndGlobalSection
EndGlobal
